
Microsoft Visual Studio Solution File, Format Version 12.00
# Visual Studio Version 17
VisualStudioVersion = 17.5.33516.290
MinimumVisualStudioVersion = 10.0.40219.1
Project("{FAE04EC0-301F-11D3-BF4B-00C04F79EFBC}") = "_1_Work", "_1_Work\_1_Work.csproj", "{5340B971-A4AF-4156-AC58-FE42DAA6C547}"
EndProject
Global
	GlobalSection(SolutionConfigurationPlatforms) = preSolution
		Debug|Any CPU = Debug|Any CPU
		Release|Any CPU = Release|Any CPU
	EndGlobalSection
	GlobalSection(ProjectConfigurationPlatforms) = postSolution
		{5340B971-A4AF-4156-AC58-FE42DAA6C547}.Debug|Any CPU.ActiveCfg = Debug|Any CPU
		{5340B971-A4AF-4156-AC58-FE42DAA6C547}.Debug|Any CPU.Build.0 = Debug|Any CPU
		{5340B971-A4AF-4156-AC58-FE42DAA6C547}.Release|Any CPU.ActiveCfg = Release|Any CPU
		{5340B971-A4AF-4156-AC58-FE42DAA6C547}.Release|Any CPU.Build.0 = Release|Any CPU
	EndGlobalSection
	GlobalSection(SolutionProperties) = preSolution
		HideSolutionNode = FALSE
	EndGlobalSection
	GlobalSection(ExtensibilityGlobals) = postSolution
		SolutionGuid = {2A878B03-83D4-4C54-873B-3F6259305FB2}
	EndGlobalSection
EndGlobal
